PODS:
  - Alamofire (4.9.1)
  - LazyImage (7.0.1)

DEPENDENCIES:
  - Alamofire
  - LazyImage

SPEC REPOS:
  trunk:
    - Alamofire
    - LazyImage

SPEC CHECKSUMS:
  Alamofire: 85e8a02c69d6020a0d734f6054870d7ecb75cf18
  LazyImage: 4db5288d8660b28e64e60c57f5b5d414af922160

PODFILE CHECKSUM: 98e63a149b0c268708bf8cc41a50adef7c11b5d7

COCOAPODS: 1.8.4
